PODS:
  - AFNetworking (3.2.1):
    - AFNetworking/NSURLSession (= 3.2.1)
    - AFNetworking/Reachability (= 3.2.1)
    - AFNetworking/Security (= 3.2.1)
    - AFNetworking/Serialization (= 3.2.1)
    - AFNetworking/UIKit (= 3.2.1)
  - AFNetworking/NSURLSession (3.2.1):
    - AFNetworking/Reachability
    - AFNetworking/Security
    - AFNetworking/Serialization
  - AFNetworking/Reachability (3.2.1)
  - AFNetworking/Security (3.2.1)
  - AFNetworking/Serialization (3.2.1)
  - AFNetworking/UIKit (3.2.1):
    - AFNetworking/NSURLSession
  - Flutter (1.0.0)
  - tracker (0.0.1):
    - AFNetworking (~> 3.0)
    - Flutter

DEPENDENCIES:
  - Flutter (from `Flutter`)
  - tracker (from `.symlinks/plugins/tracker/ios`)

SPEC REPOS:
  https://github.com/CocoaPods/Specs.git:
    - AFNetworking

EXTERNAL SOURCES:
  Flutter:
    :path: Flutter
  tracker:
    :path: ".symlinks/plugins/tracker/ios"

SPEC CHECKSUMS:
  AFNetworking: b6f891fdfaed196b46c7a83cf209e09697b94057
  Flutter: 0e3d915762c693b495b44d77113d4970485de6ec
  tracker: 2afacbc9a0519f81d6609be73187e120b7921526

PODFILE CHECKSUM: 0f3790aef309fdc3a090d6ba7883b6f037139274

COCOAPODS: 1.8.4
